<Solution>
  <Folder Name="/src/">
    <Project Path="src/Api/Api.csproj" />
    <Project Path="src/Bootstrapper/Bootstrapper.csproj" />
  </Folder>
  <Folder Name="/src/BuildingBlocks/">
    <Project Path="src/BuildingBlocks/BuildingBlocks.Application/BuildingBlocks.Application.csproj" />
    <Project Path="src/BuildingBlocks/BuildingBlocks.Domain/BuildingBlocks.Domain.csproj" />
    <Project Path="src/BuildingBlocks/BuildingBlocks.Infrastructure/BuildingBlocks.Infrastructure.csproj" />
    <Project Path="src/BuildingBlocks/BuildingBlocks.Observability/BuildingBlocks.Observability.csproj" />
  </Folder>
  <Folder Name="/src/Modules/" />
  <Folder Name="/src/Modules/Audit/">
    <Project Path="src/Modules/Audit/Modules.Audit.Application/Modules.Audit.Application.csproj" />
    <Project Path="src/Modules/Audit/Modules.Audit.Domain/Modules.Audit.Domain.csproj" />
    <Project Path="src/Modules/Audit/Modules.Audit.Infrastructure/Modules.Audit.Infrastructure.csproj" />
  </Folder>
  <Folder Name="/src/Modules/Authorization/">
    <Project Path="src/Modules/Authorization/Modules.Authorization.Application/Modules.Authorization.Application.csproj" />
    <Project Path="src/Modules/Authorization/Modules.Authorization.Domain/Modules.Authorization.Domain.csproj" />
    <Project Path="src/Modules/Authorization/Modules.Authorization.Infrastructure/Modules.Authorization.Infrastructure.csproj" />
  </Folder>
  <Folder Name="/src/Modules/Catalog/">
    <Project Path="src/Modules/Catalog/Modules.Catalog.Api/Modules.Catalog.Api.csproj" />
    <Project Path="src/Modules/Catalog/Modules.Catalog.Application/Modules.Catalog.Application.csproj" />
    <Project Path="src/Modules/Catalog/Modules.Catalog.Domain/Modules.Catalog.Domain.csproj" />
    <Project Path="src/Modules/Catalog/Modules.Catalog.Infrastructure/Modules.Catalog.Infrastructure.csproj" />
  </Folder>
  <Folder Name="/src/Modules/Companies/">
    <Project Path="src/Modules/Companies/Modules.Companies.Api/Modules.Companies.Api.csproj" />
    <Project Path="src/Modules/Companies/Modules.Companies.Application/Modules.Companies.Application.csproj" />
    <Project Path="src/Modules/Companies/Modules.Companies.Domain/Modules.Companies.Domain.csproj" />
    <Project Path="src/Modules/Companies/Modules.Companies.Infrastructure/Modules.Companies.Infrastructure.csproj" />
  </Folder>
  <Folder Name="/src/Modules/Customers/">
    <Project Path="src/Modules/Customers/Modules.Customers.Api/Modules.Customers.Api.csproj" />
    <Project Path="src/Modules/Customers/Modules.Customers.Application/Modules.Customers.Application.csproj" />
    <Project Path="src/Modules/Customers/Modules.Customers.Domain/Modules.Customers.Domain.csproj" />
    <Project Path="src/Modules/Customers/Modules.Customers.Infrastructure/Modules.Customers.Infrastructure.csproj" />
  </Folder>
  <Folder Name="/src/Modules/Geography/">
    <Project Path="src/Modules/Geography/Modules.Geography.Api/Modules.Geography.Api.csproj" />
    <Project Path="src/Modules/Geography/Modules.Geography.Application/Modules.Geography.Application.csproj" />
    <Project Path="src/Modules/Geography/Modules.Geography.Domain/Modules.Geography.Domain.csproj" />
    <Project Path="src/Modules/Geography/Modules.Geography.Infrastructure/Modules.Geography.Infrastructure.csproj" />
  </Folder>
  <Folder Name="/src/Modules/Identity/">
    <Project Path="src/Modules/Identity/Modules.Identity.Application/Modules.Identity.Application.csproj" />
    <Project Path="src/Modules/Identity/Modules.Identity.Domain/Modules.Identity.Domain.csproj" />
    <Project Path="src/Modules/Identity/Modules.Identity.Infrastructure/Modules.Identity.Infrastructure.csproj" />
  </Folder>
  <Folder Name="/src/Modules/Notifications/">
    <Project Path="src/Modules/Notifications/Modules.Notifications.Application/Modules.Notifications.Application.csproj" />
    <Project Path="src/Modules/Notifications/Modules.Notifications.Domain/Modules.Notifications.Domain.csproj" />
    <Project Path="src/Modules/Notifications/Modules.Notifications.Infrastructure/Modules.Notifications.Infrastructure.csproj" />
  </Folder>
  <Folder Name="/src/Modules/Storage/">
    <Project Path="src/Modules/Storage/Modules.Storage.Api/Modules.Storage.Api.csproj" />
    <Project Path="src/Modules/Storage/Modules.Storage.Application/Modules.Storage.Application.csproj" />
    <Project Path="src/Modules/Storage/Modules.Storage.Domain/Modules.Storage.Domain.csproj" />
    <Project Path="src/Modules/Storage/Modules.Storage.Infrastructure/Modules.Storage.Infrastructure.csproj" />
  </Folder>
  <Folder Name="/src/Modules/Quotations/">
    <Project Path="src/Modules/Quotations/Modules.Quotations.Api/Modules.Quotations.Api.csproj" />
    <Project Path="src/Modules/Quotations/Modules.Quotations.Application/Modules.Quotations.Application.csproj" />
    <Project Path="src/Modules/Quotations/Modules.Quotations.Domain/Modules.Quotations.Domain.csproj" />
    <Project Path="src/Modules/Quotations/Modules.Quotations.Infrastructure/Modules.Quotations.Infrastructure.csproj" />
  </Folder>
  <Folder Name="/src/Modules/Reporting/">
    <Project Path="src/Modules/Reporting/Modules.Reporting.Api/Modules.Reporting.Api.csproj" />
    <Project Path="src/Modules/Reporting/Modules.Reporting.Application/Modules.Reporting.Application.csproj" />
    <Project Path="src/Modules/Reporting/Modules.Reporting.Domain/Modules.Reporting.Domain.csproj" />
    <Project Path="src/Modules/Reporting/Modules.Reporting.Infrastructure/Modules.Reporting.Infrastructure.csproj" />
  </Folder>
  <Folder Name="/src/Modules/Tenancy/">
    <Project Path="src/Modules/Tenancy/Modules.Tenancy.Api/Modules.Tenancy.Api.csproj" />
    <Project Path="src/Modules/Tenancy/Modules.Tenancy.Application/Modules.Tenancy.Application.csproj" />
    <Project Path="src/Modules/Tenancy/Modules.Tenancy.Domain/Modules.Tenancy.Domain.csproj" />
    <Project Path="src/Modules/Tenancy/Modules.Tenancy.Infrastructure/Modules.Tenancy.Infrastructure.csproj" />
  </Folder>
  <Folder Name="/tests/" />
  <Folder Name="/tests/ArchitectureTests/">
    <Project Path="tests/ArchitectureTests/ArchitectureTests/ArchitectureTests.csproj" />
  </Folder>
  <Folder Name="/tests/Modules/" />
  <Folder Name="/tests/Modules/Audit/">
    <Project Path="tests/Modules/Audit/Modules.Audit.UnitTests/Modules.Audit.UnitTests.csproj" />
    <Project Path="tests/Modules/Audit/Modules.Audit.IntegrationTests/Modules.Audit.IntegrationTests.csproj" />
  </Folder>
  <Folder Name="/tests/Modules/Storage/">
    <Project Path="tests/Modules/Storage/Modules.Storage.UnitTests/Modules.Storage.UnitTests.csproj" />
    <Project Path="tests/Modules/Storage/Modules.Storage.IntegrationTests/Modules.Storage.IntegrationTests.csproj" />
  </Folder>
  <Folder Name="/tests/Modules/Authorization/">
    <Project Path="tests/Modules/Authorization/Modules.Authorization.UnitTests/Modules.Authorization.UnitTests.csproj" />
  </Folder>
  <Folder Name="/tests/Modules/Catalog/">
    <Project Path="tests/Modules/Catalog/Modules.Catalog.UnitTests/Modules.Catalog.UnitTests.csproj" />
    <Project Path="tests/Modules/Catalog/Modules.Catalog.IntegrationTests/Modules.Catalog.IntegrationTests.csproj" />
  </Folder>
  <Folder Name="/tests/Modules/Companies/">
    <Project Path="tests/Modules/Companies/Modules.Companies.UnitTests/Modules.Companies.UnitTests.csproj" />
    <Project Path="tests/Modules/Companies/Modules.Companies.IntegrationTests/Modules.Companies.IntegrationTests.csproj" />
  </Folder>
  <Folder Name="/tests/Modules/Customers/">
    <Project Path="tests/Modules/Customers/Modules.Customers.UnitTests/Modules.Customers.UnitTests.csproj" />
    <Project Path="tests/Modules/Customers/Modules.Customers.IntegrationTests/Modules.Customers.IntegrationTests.csproj" />
  </Folder>
  <Folder Name="/tests/Modules/Geography/">
    <Project Path="tests/Modules/Geography/Modules.Geography.UnitTests/Modules.Geography.UnitTests.csproj" />
    <Project Path="tests/Modules/Geography/Modules.Geography.IntegrationTests/Modules.Geography.IntegrationTests.csproj" />
  </Folder>
  <Folder Name="/tests/Modules/Identity/">
    <Project Path="tests/Modules/Identity/Modules.Identity.IntegrationTests/Modules.Identity.IntegrationTests.csproj" />
    <Project Path="tests/Modules/Identity/Modules.Identity.UnitTests/Modules.Identity.UnitTests.csproj" />
  </Folder>
  <Folder Name="/tests/Modules/Notifications/">
    <Project Path="tests/Modules/Notifications/Modules.Notifications.UnitTests/Modules.Notifications.UnitTests.csproj" />
    <Project Path="tests/Modules/Notifications/Modules.Notifications.IntegrationTests/Modules.Notifications.IntegrationTests.csproj" />
  </Folder>
  <Folder Name="/tests/Modules/Quotations/">
    <Project Path="tests/Modules/Quotations/Modules.Quotations.UnitTests/Modules.Quotations.UnitTests.csproj" />
    <Project Path="tests/Modules/Quotations/Modules.Quotations.IntegrationTests/Modules.Quotations.IntegrationTests.csproj" />
  </Folder>
  <Folder Name="/tests/Modules/Reporting/">
    <Project Path="tests/Modules/Reporting/Modules.Reporting.UnitTests/Modules.Reporting.UnitTests.csproj" />
    <Project Path="tests/Modules/Reporting/Modules.Reporting.IntegrationTests/Modules.Reporting.IntegrationTests.csproj" />
  </Folder>
  <Folder Name="/tests/Modules/Tenancy/">
    <Project Path="tests/Modules/Tenancy/Modules.Tenancy.IntegrationTests/Modules.Tenancy.IntegrationTests.csproj" />
    <Project Path="tests/Modules/Tenancy/Modules.Tenancy.UnitTests/Modules.Tenancy.UnitTests.csproj" />
  </Folder>
</Solution>
