{
  "version": 2,
  "dependencies": {
    "net10.0": {
      "Microsoft.AspNetCore.OpenApi": {
        "type": "Direct",
        "requested": "[10.0.9, )",
        "resolved": "10.0.9",
        "contentHash": "1ihb8FO9cGgEK1/m3CTtT/SfnynwmiZib0W2pcDVj3KSWk/Sca4VOXEtaptKQc582zpFrzTFiwkGRCglt6H+WQ==",
        "dependencies": {
          "Microsoft.OpenApi": "2.0.0"
        }
      },
      "Microsoft.OpenApi": {
        "type": "Direct",
        "requested": "[2.7.5, )",
        "resolved": "2.7.5",
        "contentHash": "0FA67RSnRM4tcBKqiqVu/HPdZ9+QOKbmeRjxRUGTCjPU4C0bmUhd97Dso7Yild5P7nOV6GxJ2xrK0Kv/O9xp0w=="
      },
      "Scalar.AspNetCore": {
        "type": "Direct",
        "requested": "[2.16.16, )",
        "resolved": "2.16.16",
        "contentHash": "Ax0e0bIh+Upf92k1+pTBUom3e/kbpu20qsrDYmmS1NM721Eq2xF8c789x6IbiNrvW8WwySRzPv/icYYhb6idSg=="
      },
      "AWSSDK.Core": {
        "type": "Transitive",
        "resolved": "4.0.100.2",
        "contentHash": "1hz6lB2Meymkv9rdOy30p5pIbGpYLK0H4O8XUMGwEMmXUB4FJhyTNk69dLWIFdDUrY66h0NyKy9maHKXMRTwJA=="
      },
      "ClosedXML.Parser": {
        "type": "Transitive",
        "resolved": "2.0.0",
        "contentHash": "ngTqjYreDYNytG1W5d3ewHsw0ukmmrgV7EKnS4/40rXoYZGt07jrBvo+N+GxT49rcageUMUiprV0jYT4nwVBHQ=="
      },
      "DocumentFormat.OpenXml": {
        "type": "Transitive",
        "resolved": "3.1.1",
        "contentHash": "2z9QBzeTLNNKWM9SaOSDMegfQk/7hDuElOsmF77pKZMkFRP/GHA/W/4yOAQD9kn15N/FsFxHn3QVYkatuZghiA==",
        "dependencies": {
          "DocumentFormat.OpenXml.Framework": "3.1.1"
        }
      },
      "DocumentFormat.OpenXml.Framework": {
        "type": "Transitive",
        "resolved": "3.1.1",
        "contentHash": "6APEp/ElZV58S/4v8mf4Ke3ONEDORs64MqdD64Z7wWpcHANB9oovQsGIwtqjnKihulOj7T0a6IxHIHOfMqKOng==",
        "dependencies": {
          "System.IO.Packaging": "8.0.1"
        }
      },
      "ExcelNumberFormat": {
        "type": "Transitive",
        "resolved": "1.1.0",
        "contentHash": "R3BVHPs9O+RkExbZYTGT0+9HLbi8ZrNij1Yziyw6znd3J7P3uoIR07uwTLGOogtz1p6+0sna66eBoXu7tBiVQA=="
      },
      "Microsoft.EntityFrameworkCore.Abstractions": {
        "type": "Transitive",
        "resolved": "10.0.9",
        "contentHash": "GRMaiPkqYna/gCsyDffYDWmefGPC3hDrdMw+2rrGcQwhs6uZOsaMQXMJnoXQ35tx9SkBV2ieRRU9N/jLOO6BZw=="
      },
      "Microsoft.EntityFrameworkCore.Analyzers": {
        "type": "Transitive",
        "resolved": "10.0.9",
        "contentHash": "aiEFB+C5EsZGqxvMPazE07hbWsp4iPaufJpanGt5O+lrwv7mJLrqma5haVIgFAPCyhQkmk75XSCEubT1zUjxtA=="
      },
      "Microsoft.IdentityModel.Abstractions": {
        "type": "Transitive",
        "resolved": "8.0.1",
        "contentHash": "OtlIWcyX01olfdevPKZdIPfBEvbcioDyBiE/Z2lHsopsMD7twcKtlN9kMevHmI5IIPhFpfwCIiR6qHQz1WHUIw=="
      },
      "Microsoft.IdentityModel.JsonWebTokens": {
        "type": "Transitive",
        "resolved": "8.0.1",
        "contentHash": "s6++gF9x0rQApQzOBbSyp4jUaAlwm+DroKfL8gdOHxs83k8SJfUXhuc46rDB3rNXBQ1MVRxqKUrqFhO/M0E97g==",
        "dependencies": {
          "Microsoft.IdentityModel.Tokens": "8.0.1"
        }
      },
      "Microsoft.IdentityModel.Logging": {
        "type": "Transitive",
        "resolved": "8.0.1",
        "contentHash": "UCPF2exZqBXe7v/6sGNiM6zCQOUXXQ9+v5VTb9gPB8ZSUPnX53BxlN78v2jsbIvK9Dq4GovQxo23x8JgWvm/Qg==",
        "dependencies": {
          "Microsoft.IdentityModel.Abstractions": "8.0.1"
        }
      },
      "Microsoft.IdentityModel.Protocols": {
        "type": "Transitive",
        "resolved": "8.0.1",
        "contentHash": "uA2vpKqU3I2mBBEaeJAWPTjT9v1TZrGWKdgK6G5qJd03CLx83kdiqO9cmiK8/n1erkHzFBwU/RphP83aAe3i3g==",
        "dependencies": {
          "Microsoft.IdentityModel.Tokens": "8.0.1"
        }
      },
      "Microsoft.IdentityModel.Protocols.OpenIdConnect": {
        "type": "Transitive",
        "resolved": "8.0.1",
        "contentHash": "AQDbfpL+yzuuGhO/mQhKNsp44pm5Jv8/BI4KiFXR7beVGZoSH35zMV3PrmcfvSTsyI6qrcR898NzUauD6SRigg==",
        "dependencies": {
          "Microsoft.IdentityModel.Protocols": "8.0.1",
          "System.IdentityModel.Tokens.Jwt": "8.0.1"
        }
      },
      "Microsoft.IdentityModel.Tokens": {
        "type": "Transitive",
        "resolved": "8.0.1",
        "contentHash": "kDimB6Dkd3nkW2oZPDkMkVHfQt3IDqO5gL0oa8WVy3OP4uE8Ij+8TXnqg9TOd9ufjsY3IDiGz7pCUbnfL18tjg==",
        "dependencies": {
          "Microsoft.IdentityModel.Logging": "8.0.1"
        }
      },
      "Npgsql": {
        "type": "Transitive",
        "resolved": "10.0.3",
        "contentHash": "7nb5YzXuvWWJxB0J8DiyL3we+X4FOctZrt0fIBnucOIaIevFEEwGQVZKtiu9olXdlNAK1eNgqSral6r/jlhI4w=="
      },
      "OpenTelemetry": {
        "type": "Transitive",
        "resolved": "1.16.0",
        "contentHash": "nE/Px3MUvQC8c0UG0DOP5OJE7vMtiMaPYi/6TkSS/o/O0s/oPq+8WaPYTVEPzb7lwu/QyLgknc+sFm2FjPXe2A==",
        "dependencies": {
          "OpenTelemetry.Api.ProviderBuilderExtensions": "1.16.0"
        }
      },
      "OpenTelemetry.Api": {
        "type": "Transitive",
        "resolved": "1.16.0",
        "contentHash": "WZP8Eb6vZTeNqeV+fjBitc7iefBoTHIhaWorqg/h/YiQBlcQJu0bICuTqKV0XRyjiE0eWs80yLlnUtHAFSkFWA=="
      },
      "OpenTelemetry.Api.ProviderBuilderExtensions": {
        "type": "Transitive",
        "resolved": "1.16.0",
        "contentHash": "hZwaHAkXvUNn9+cS+vEvYBgIrIQOQRz2cIRUODZ5gxHsDsLeNCueLgZFkybopjE0jUhLut6lm5eL3LTqbW0hMg==",
        "dependencies": {
          "OpenTelemetry.Api": "1.16.0"
        }
      },
      "RBush.Signed": {
        "type": "Transitive",
        "resolved": "4.0.0",
        "contentHash": "aP5KQxL5RnFNGW1f0euYVBfCatkLw5iEzMRJcXKq8LWWP4Cp3+qoSq1tDDL2vvJ2rM0ychmVMa2VaEKLS6uX4w=="
      },
      "SixLabors.Fonts": {
        "type": "Transitive",
        "resolved": "1.0.0",
        "contentHash": "LFQsCZlV0xlUyXAOMUo5kkSl+8zAQXXbbdwWchtk0B4o7zotZhQsQOcJUELGHdfPfm/xDAsz6hONAuV25bJaAg=="
      },
      "System.IdentityModel.Tokens.Jwt": {
        "type": "Transitive",
        "resolved": "8.0.1",
        "contentHash": "GJw3bYkWpOgvN3tJo5X4lYUeIFA2HD293FPUhKmp7qxS+g5ywAb34Dnd3cDAFLkcMohy5XTpoaZ4uAHuw0uSPQ==",
        "dependencies": {
          "Microsoft.IdentityModel.JsonWebTokens": "8.0.1",
          "Microsoft.IdentityModel.Tokens": "8.0.1"
        }
      },
      "System.IO.Packaging": {
        "type": "Transitive",
        "resolved": "8.0.1",
        "contentHash": "KYkIOAvPexQOLDxPO2g0BVoWInnQhPpkFzRqvNrNrMhVT6kqhVr0zEb6KCHlptLFukxnZrjuMVAnxK7pOGUYrw=="
      },
      "bootstrapper": {
        "type": "Project",
        "dependencies": {
          "BuildingBlocks.Observability": "[1.0.0, )",
          "FluentValidation.DependencyInjectionExtensions": "[12.1.1, )",
          "Microsoft.AspNetCore.Authentication.JwtBearer": "[10.0.9, )",
          "Modules.Audit.Infrastructure": "[1.0.0, )",
          "Modules.Authorization.Application": "[1.0.0, )",
          "Modules.Catalog.Application": "[1.0.0, )",
          "Modules.Catalog.Infrastructure": "[1.0.0, )",
          "Modules.Companies.Application": "[1.0.0, )",
          "Modules.Companies.Infrastructure": "[1.0.0, )",
          "Modules.Customers.Application": "[1.0.0, )",
          "Modules.Customers.Infrastructure": "[1.0.0, )",
          "Modules.Geography.Application": "[1.0.0, )",
          "Modules.Geography.Infrastructure": "[1.0.0, )",
          "Modules.Identity.Application": "[1.0.0, )",
          "Modules.Identity.Infrastructure": "[1.0.0, )",
          "Modules.Notifications.Infrastructure": "[1.0.0, )",
          "Modules.Quotations.Application": "[1.0.0, )",
          "Modules.Quotations.Infrastructure": "[1.0.0, )",
          "Modules.Storage.Application": "[1.0.0, )",
          "Modules.Storage.Infrastructure": "[1.0.0, )",
          "Modules.Tenancy.Api": "[1.0.0, )",
          "Modules.Tenancy.Application": "[1.0.0, )",
          "Modules.Tenancy.Infrastructure": "[1.0.0, )"
        }
      },
      "buildingblocks.application": {
        "type": "Project",
        "dependencies": {
          "BuildingBlocks.Domain": "[1.0.0, )"
        }
      },
      "buildingblocks.domain": {
        "type": "Project"
      },
      "buildingblocks.infrastructure": {
        "type": "Project",
        "dependencies": {
          "BuildingBlocks.Application": "[1.0.0, )",
          "BuildingBlocks.Domain": "[1.0.0, )"
        }
      },
      "buildingblocks.observability": {
        "type": "Project",
        "dependencies": {
          "Npgsql.OpenTelemetry": "[10.0.2, )",
          "OpenTelemetry.Exporter.OpenTelemetryProtocol": "[1.16.0, )",
          "OpenTelemetry.Extensions.Hosting": "[1.16.0, )",
          "OpenTelemetry.Instrumentation.AspNetCore": "[1.16.0, )",
          "OpenTelemetry.Instrumentation.Http": "[1.16.0, )",
          "OpenTelemetry.Instrumentation.Runtime": "[1.16.0, )"
        }
      },
      "modules.audit.application": {
        "type": "Project",
        "dependencies": {
          "Modules.Audit.Domain": "[1.0.0, )"
        }
      },
      "modules.audit.domain": {
        "type": "Project",
        "dependencies": {
          "BuildingBlocks.Domain": "[1.0.0, )"
        }
      },
      "modules.audit.infrastructure": {
        "type": "Project",
        "dependencies": {
          "BuildingBlocks.Application": "[1.0.0, )",
          "Microsoft.EntityFrameworkCore": "[10.0.9, )",
          "Modules.Audit.Application": "[1.0.0, )",
          "Modules.Audit.Domain": "[1.0.0, )",
          "Npgsql.EntityFrameworkCore.PostgreSQL": "[10.0.2, )"
        }
      },
      "modules.authorization.application": {
        "type": "Project",
        "dependencies": {
          "Modules.Tenancy.Application": "[1.0.0, )"
        }
      },
      "modules.catalog.api": {
        "type": "Project",
        "dependencies": {
          "BuildingBlocks.Application": "[1.0.0, )",
          "Modules.Catalog.Application": "[1.0.0, )",
          "Modules.Catalog.Domain": "[1.0.0, )"
        }
      },
      "modules.catalog.application": {
        "type": "Project",
        "dependencies": {
          "BuildingBlocks.Application": "[1.0.0, )",
          "FluentValidation": "[12.1.1, )",
          "Modules.Catalog.Domain": "[1.0.0, )",
          "Modules.Tenancy.Application": "[1.0.0, )"
        }
      },
      "modules.catalog.domain": {
        "type": "Project",
        "dependencies": {
          "BuildingBlocks.Domain": "[1.0.0, )"
        }
      },
      "modules.catalog.infrastructure": {
        "type": "Project",
        "dependencies": {
          "BuildingBlocks.Application": "[1.0.0, )",
          "Microsoft.EntityFrameworkCore": "[10.0.9, )",
          "Modules.Catalog.Application": "[1.0.0, )",
          "Modules.Catalog.Domain": "[1.0.0, )",
          "Npgsql.EntityFrameworkCore.PostgreSQL": "[10.0.2, )"
        }
      },
      "modules.companies.api": {
        "type": "Project",
        "dependencies": {
          "BuildingBlocks.Application": "[1.0.0, )",
          "Modules.Companies.Application": "[1.0.0, )",
          "Modules.Companies.Domain": "[1.0.0, )"
        }
      },
      "modules.companies.application": {
        "type": "Project",
        "dependencies": {
          "BuildingBlocks.Application": "[1.0.0, )",
          "FluentValidation": "[12.1.1, )",
          "Modules.Companies.Domain": "[1.0.0, )",
          "Modules.Tenancy.Application": "[1.0.0, )"
        }
      },
      "modules.companies.domain": {
        "type": "Project",
        "dependencies": {
          "BuildingBlocks.Domain": "[1.0.0, )"
        }
      },
      "modules.companies.infrastructure": {
        "type": "Project",
        "dependencies": {
          "BuildingBlocks.Application": "[1.0.0, )",
          "Microsoft.EntityFrameworkCore": "[10.0.9, )",
          "Modules.Companies.Application": "[1.0.0, )",
          "Modules.Companies.Domain": "[1.0.0, )",
          "Npgsql.EntityFrameworkCore.PostgreSQL": "[10.0.2, )"
        }
      },
      "modules.customers.api": {
        "type": "Project",
        "dependencies": {
          "BuildingBlocks.Application": "[1.0.0, )",
          "Modules.Customers.Application": "[1.0.0, )",
          "Modules.Customers.Domain": "[1.0.0, )"
        }
      },
      "modules.customers.application": {
        "type": "Project",
        "dependencies": {
          "BuildingBlocks.Application": "[1.0.0, )",
          "FluentValidation": "[12.1.1, )",
          "Modules.Customers.Domain": "[1.0.0, )",
          "Modules.Tenancy.Application": "[1.0.0, )"
        }
      },
      "modules.customers.domain": {
        "type": "Project",
        "dependencies": {
          "BuildingBlocks.Domain": "[1.0.0, )"
        }
      },
      "modules.customers.infrastructure": {
        "type": "Project",
        "dependencies": {
          "BuildingBlocks.Application": "[1.0.0, )",
          "ClosedXML": "[0.105.1, )",
          "Microsoft.EntityFrameworkCore": "[10.0.9, )",
          "Modules.Customers.Application": "[1.0.0, )",
          "Modules.Customers.Domain": "[1.0.0, )",
          "Npgsql.EntityFrameworkCore.PostgreSQL": "[10.0.2, )"
        }
      },
      "modules.geography.api": {
        "type": "Project",
        "dependencies": {
          "BuildingBlocks.Application": "[1.0.0, )",
          "Modules.Geography.Application": "[1.0.0, )",
          "Modules.Geography.Domain": "[1.0.0, )"
        }
      },
      "modules.geography.application": {
        "type": "Project",
        "dependencies": {
          "BuildingBlocks.Application": "[1.0.0, )",
          "Modules.Geography.Domain": "[1.0.0, )"
        }
      },
      "modules.geography.domain": {
        "type": "Project",
        "dependencies": {
          "BuildingBlocks.Domain": "[1.0.0, )"
        }
      },
      "modules.geography.infrastructure": {
        "type": "Project",
        "dependencies": {
          "BuildingBlocks.Application": "[1.0.0, )",
          "Microsoft.EntityFrameworkCore": "[10.0.9, )",
          "Modules.Geography.Application": "[1.0.0, )",
          "Modules.Geography.Domain": "[1.0.0, )",
          "Npgsql.EntityFrameworkCore.PostgreSQL": "[10.0.2, )"
        }
      },
      "modules.identity.application": {
        "type": "Project",
        "dependencies": {
          "BuildingBlocks.Application": "[1.0.0, )",
          "Modules.Audit.Domain": "[1.0.0, )",
          "Modules.Identity.Domain": "[1.0.0, )"
        }
      },
      "modules.identity.domain": {
        "type": "Project",
        "dependencies": {
          "BuildingBlocks.Domain": "[1.0.0, )"
        }
      },
      "modules.identity.infrastructure": {
        "type": "Project",
        "dependencies": {
          "BuildingBlocks.Infrastructure": "[1.0.0, )",
          "Microsoft.EntityFrameworkCore": "[10.0.9, )",
          "Modules.Audit.Application": "[1.0.0, )",
          "Modules.Audit.Domain": "[1.0.0, )",
          "Modules.Audit.Infrastructure": "[1.0.0, )",
          "Modules.Identity.Application": "[1.0.0, )",
          "Modules.Identity.Domain": "[1.0.0, )",
          "Npgsql.EntityFrameworkCore.PostgreSQL": "[10.0.2, )"
        }
      },
      "modules.notifications.application": {
        "type": "Project",
        "dependencies": {
          "Modules.Notifications.Domain": "[1.0.0, )"
        }
      },
      "modules.notifications.domain": {
        "type": "Project",
        "dependencies": {
          "BuildingBlocks.Domain": "[1.0.0, )"
        }
      },
      "modules.notifications.infrastructure": {
        "type": "Project",
        "dependencies": {
          "BuildingBlocks.Application": "[1.0.0, )",
          "Microsoft.EntityFrameworkCore": "[10.0.9, )",
          "Modules.Identity.Application": "[1.0.0, )",
          "Modules.Notifications.Application": "[1.0.0, )",
          "Modules.Notifications.Domain": "[1.0.0, )",
          "Npgsql.EntityFrameworkCore.PostgreSQL": "[10.0.2, )"
        }
      },
      "modules.quotations.api": {
        "type": "Project",
        "dependencies": {
          "BuildingBlocks.Application": "[1.0.0, )",
          "Modules.Quotations.Application": "[1.0.0, )",
          "Modules.Quotations.Domain": "[1.0.0, )"
        }
      },
      "modules.quotations.application": {
        "type": "Project",
        "dependencies": {
          "BuildingBlocks.Application": "[1.0.0, )",
          "FluentValidation": "[12.1.1, )",
          "Modules.Quotations.Domain": "[1.0.0, )",
          "Modules.Tenancy.Application": "[1.0.0, )"
        }
      },
      "modules.quotations.domain": {
        "type": "Project",
        "dependencies": {
          "BuildingBlocks.Domain": "[1.0.0, )"
        }
      },
      "modules.quotations.infrastructure": {
        "type": "Project",
        "dependencies": {
          "BuildingBlocks.Application": "[1.0.0, )",
          "Microsoft.EntityFrameworkCore": "[10.0.9, )",
          "Modules.Quotations.Application": "[1.0.0, )",
          "Modules.Quotations.Domain": "[1.0.0, )",
          "Npgsql.EntityFrameworkCore.PostgreSQL": "[10.0.2, )"
        }
      },
      "modules.storage.api": {
        "type": "Project",
        "dependencies": {
          "BuildingBlocks.Application": "[1.0.0, )",
          "Modules.Storage.Application": "[1.0.0, )",
          "Modules.Storage.Domain": "[1.0.0, )"
        }
      },
      "modules.storage.application": {
        "type": "Project",
        "dependencies": {
          "BuildingBlocks.Application": "[1.0.0, )",
          "Modules.Storage.Domain": "[1.0.0, )",
          "Modules.Tenancy.Application": "[1.0.0, )"
        }
      },
      "modules.storage.domain": {
        "type": "Project",
        "dependencies": {
          "BuildingBlocks.Domain": "[1.0.0, )"
        }
      },
      "modules.storage.infrastructure": {
        "type": "Project",
        "dependencies": {
          "AWSSDK.S3": "[4.0.100.2, )",
          "BuildingBlocks.Application": "[1.0.0, )",
          "Microsoft.EntityFrameworkCore": "[10.0.9, )",
          "Modules.Storage.Application": "[1.0.0, )",
          "Modules.Storage.Domain": "[1.0.0, )",
          "Npgsql.EntityFrameworkCore.PostgreSQL": "[10.0.2, )",
          "SixLabors.ImageSharp": "[3.1.12, )"
        }
      },
      "modules.tenancy.api": {
        "type": "Project",
        "dependencies": {
          "Modules.Tenancy.Application": "[1.0.0, )",
          "Modules.Tenancy.Domain": "[1.0.0, )"
        }
      },
      "modules.tenancy.application": {
        "type": "Project",
        "dependencies": {
          "BuildingBlocks.Application": "[1.0.0, )",
          "FluentValidation": "[12.1.1, )",
          "Modules.Audit.Application": "[1.0.0, )",
          "Modules.Identity.Application": "[1.0.0, )",
          "Modules.Tenancy.Domain": "[1.0.0, )"
        }
      },
      "modules.tenancy.domain": {
        "type": "Project",
        "dependencies": {
          "BuildingBlocks.Domain": "[1.0.0, )"
        }
      },
      "modules.tenancy.infrastructure": {
        "type": "Project",
        "dependencies": {
          "BuildingBlocks.Infrastructure": "[1.0.0, )",
          "Microsoft.EntityFrameworkCore": "[10.0.9, )",
          "Modules.Audit.Application": "[1.0.0, )",
          "Modules.Audit.Domain": "[1.0.0, )",
          "Modules.Audit.Infrastructure": "[1.0.0, )",
          "Modules.Tenancy.Application": "[1.0.0, )",
          "Modules.Tenancy.Domain": "[1.0.0, )",
          "Npgsql.EntityFrameworkCore.PostgreSQL": "[10.0.2, )"
        }
      },
      "AWSSDK.S3": {
        "type": "CentralTransitive",
        "requested": "[4.0.100.2, )",
        "resolved": "4.0.100.2",
        "contentHash": "t7kVd4ckiEVE79yu4fnjt9X4Rq+M4Kxg0ghGogzP0rGzgtBQY3es9wD6vJXFjEvYy/b3ef31NbKqL7wvHTN5Pg==",
        "dependencies": {
          "AWSSDK.Core": "[4.0.100.2, 5.0.0)"
        }
      },
      "ClosedXML": {
        "type": "CentralTransitive",
        "requested": "[0.105.1, )",
        "resolved": "0.105.1",
        "contentHash": "X1ruIP9h2FBEK7jmO0peq3s6/Zqt5ve5a9f9kn6WUjdsUWvGbQlqxuGLz822xuFLlmnSeAfWFTGeX/tZlmAt+g==",
        "dependencies": {
          "ClosedXML.Parser": "2.0.0",
          "DocumentFormat.OpenXml": "[3.1.1, 4.0.0)",
          "ExcelNumberFormat": "1.1.0",
          "RBush.Signed": "4.0.0",
          "SixLabors.Fonts": "[1.0.0, 3.0.0)"
        }
      },
      "FluentValidation": {
        "type": "CentralTransitive",
        "requested": "[12.1.1, )",
        "resolved": "12.1.1",
        "contentHash": "EPpkIe1yh1a0OXyC100oOA8WMbZvqUu5plwhvYcb7oSELfyUZzfxV48BLhvs3kKo4NwG7MGLNgy1RJiYtT8Dpw=="
      },
      "FluentValidation.DependencyInjectionExtensions": {
        "type": "CentralTransitive",
        "requested": "[12.1.1, )",
        "resolved": "12.1.1",
        "contentHash": "D0VXh4dtjjX2aQizuaa0g6R8X3U1JaVqJPfGCvLwZX9t/O2h7tkpbitbadQMfwcgSPdDbI2vDxuwRMv/Uf9dHA==",
        "dependencies": {
          "FluentValidation": "12.1.1"
        }
      },
      "Microsoft.AspNetCore.Authentication.JwtBearer": {
        "type": "CentralTransitive",
        "requested": "[10.0.9, )",
        "resolved": "10.0.9",
        "contentHash": "Hs5NDsGm8YicDDNx5RoBIT+H2AB9R27MvZ2gHoupTiHr+nnH3VxzY7DcmlbJ3b5DvvOhK35lWt/9Odtrq9sjtA==",
        "dependencies": {
          "Microsoft.IdentityModel.Protocols.OpenIdConnect": "8.0.1"
        }
      },
      "Microsoft.EntityFrameworkCore": {
        "type": "CentralTransitive",
        "requested": "[10.0.9, )",
        "resolved": "10.0.9",
        "contentHash": "tu85SRzOT021V7EQlViCiAE7TqldVn469Y6lt5TEn/+XC4/MeNCHgMRSxqYuWqvF4zAQZUhCmtNEZuM3ss4LeA==",
        "dependencies": {
          "Microsoft.EntityFrameworkCore.Abstractions": "10.0.9",
          "Microsoft.EntityFrameworkCore.Analyzers": "10.0.9"
        }
      },
      "Microsoft.EntityFrameworkCore.Relational": {
        "type": "CentralTransitive",
        "requested": "[10.0.9, )",
        "resolved": "10.0.9",
        "contentHash": "dEoyYKgiaZHHgOFm1WMWm1sFEsEuhPWufX4L9PekKtqd/RaIcPjkCjvbrVvJtApErb5wPSJhYvnTlxhH+p9h2g==",
        "dependencies": {
          "Microsoft.EntityFrameworkCore": "10.0.9"
        }
      },
      "Npgsql.EntityFrameworkCore.PostgreSQL": {
        "type": "CentralTransitive",
        "requested": "[10.0.2, )",
        "resolved": "10.0.2",
        "contentHash": "PsNYgPOSW41Xx19gin7y4EdZAPteWr9Cb01XkdObxOsPzi+mgBupBEN7J7+erXFsROPOILM7MlIoO9QzL8+LGQ==",
        "dependencies": {
          "Microsoft.EntityFrameworkCore": "[10.0.4, 11.0.0)",
          "Microsoft.EntityFrameworkCore.Relational": "[10.0.4, 11.0.0)",
          "Npgsql": "10.0.3"
        }
      },
      "Npgsql.OpenTelemetry": {
        "type": "CentralTransitive",
        "requested": "[10.0.2, )",
        "resolved": "10.0.2",
        "contentHash": "kjc+3DzqjaFk0L3cmR92emyJd7GAgwSiiyuzvumHFEp0EVp6GbrtdIe0jD8NANdPVqYM8prH9ND8GQsQAFXCKA==",
        "dependencies": {
          "Npgsql": "10.0.2",
          "OpenTelemetry.API": "1.14.0"
        }
      },
      "OpenTelemetry.Exporter.OpenTelemetryProtocol": {
        "type": "CentralTransitive",
        "requested": "[1.16.0, )",
        "resolved": "1.16.0",
        "contentHash": "gzYLY8sVDY5FYtVlCYSzBYX53xslRlvBLxwFYOdNIhc76SgKdFYUoDQXOeQI3WPBCrZp51QNcP6fZHh1+HtpIQ==",
        "dependencies": {
          "OpenTelemetry": "1.16.0"
        }
      },
      "OpenTelemetry.Extensions.Hosting": {
        "type": "CentralTransitive",
        "requested": "[1.16.0, )",
        "resolved": "1.16.0",
        "contentHash": "/YfrO5MRaA156vhNanYGPX2JjOwKUrA0+Jf7ltT2eD3VkfHqXcEJY5Oxt/nWH8lqBOTc1nJpn2soBtD5Cml8Dg==",
        "dependencies": {
          "OpenTelemetry": "1.16.0"
        }
      },
      "OpenTelemetry.Instrumentation.AspNetCore": {
        "type": "CentralTransitive",
        "requested": "[1.16.0, )",
        "resolved": "1.16.0",
        "contentHash": "vSC5EsmBVNcqXMh9BGkkq8zkoUjrg8ghBDb9zbKR8Bqjd05utjVgVft+fqsqQVsvlV5olGj1pBliHBngcIGSIg==",
        "dependencies": {
          "OpenTelemetry.Api.ProviderBuilderExtensions": "[1.16.0, 2.0.0)"
        }
      },
      "OpenTelemetry.Instrumentation.Http": {
        "type": "CentralTransitive",
        "requested": "[1.16.0, )",
        "resolved": "1.16.0",
        "contentHash": "+Sz3lfvMXwWE8s/sMruHCDlO/+cArFVc6oBg1tCb70BKlL9FCC7uK4Ar2/VP9Hhwvs+UwaW1vGzE/uiByVHXiA==",
        "dependencies": {
          "OpenTelemetry.Api.ProviderBuilderExtensions": "[1.16.0, 2.0.0)"
        }
      },
      "OpenTelemetry.Instrumentation.Runtime": {
        "type": "CentralTransitive",
        "requested": "[1.16.0, )",
        "resolved": "1.16.0",
        "contentHash": "3mKCZZo32UYn/vcVFxxrWgO+BcDy9EZBdW1rfCzdtK+CGCFIMnf6AY96MrnVnyNK/f3ehq9t6qLec8OTNxgzRw==",
        "dependencies": {
          "OpenTelemetry.Api": "[1.16.0, 2.0.0)"
        }
      },
      "SixLabors.ImageSharp": {
        "type": "CentralTransitive",
        "requested": "[3.1.12, )",
        "resolved": "3.1.12",
        "contentHash": "iAg6zifihXEFS/t7fiHhZBGAdCp3FavsF4i2ZIDp0JfeYeDVzvmlbY1CNhhIKimaIzrzSi5M/NBFcWvZT2rB/A=="
      }
    }
  }
}